// !$*UTF8*$!
{
	archiveVersion = 1;
	classes = {
	};
	objectVersion = 50;
	objects = {

/* Begin PBXBuildFile section */
		C031A9DB248AF70700796991 /* LaunchScreen.storyboard in Resources */ = {isa = PBXBuildFile; fileRef = C031A9DA248AF70700796991 /* LaunchScreen.storyboard */; };
		C031A9DD248AF76600796991 /* QuestionView.swift in Sources */ = {isa = PBXBuildFile; fileRef = C031A9DC248AF76600796991 /* QuestionView.swift */; };
		C0528431248D9B7C00C46EE9 /* DiskCaretaker.swift in Sources */ = {isa = PBXBuildFile; fileRef = C0528430248D9B7C00C46EE9 /* DiskCaretaker.swift */; };
		C0528433248DA1C700C46EE9 /* QuestionGroupCaretaker.swift in Sources */ = {isa = PBXBuildFile; fileRef = C0528432248DA1C700C46EE9 /* QuestionGroupCaretaker.swift */; };
		C0528435248DA4EC00C46EE9 /* QuestionGroupData.json in Resources */ = {isa = PBXBuildFile; fileRef = C0528434248DA4EC00C46EE9 /* QuestionGroupData.json */; };
		C0528437248DA67E00C46EE9 /* QuestionGroup.swift in Sources */ = {isa = PBXBuildFile; fileRef = C0528436248DA67E00C46EE9 /* QuestionGroup.swift */; };
		C0528439248DA77300C46EE9 /* BaseQuestionStrategy.swift in Sources */ = {isa = PBXBuildFile; fileRef = C0528438248DA77300C46EE9 /* BaseQuestionStrategy.swift */; };
		C081D482248ABE5400EDA619 /* AppDelegate.swift in Sources */ = {isa = PBXBuildFile; fileRef = C081D481248ABE5400EDA619 /* AppDelegate.swift */; };
		C081D484248ABE5400EDA619 /* SceneDelegate.swift in Sources */ = {isa = PBXBuildFile; fileRef = C081D483248ABE5400EDA619 /* SceneDelegate.swift */; };
		C081D486248ABE5400EDA619 /* QuestionViewController.swift in Sources */ = {isa = PBXBuildFile; fileRef = C081D485248ABE5400EDA619 /* QuestionViewController.swift */; };
		C081D48B248ABE5500EDA619 /* Assets.xcassets in Resources */ = {isa = PBXBuildFile; fileRef = C081D48A248ABE5500EDA619 /* Assets.xcassets */; };
		C081D49B248AC0BC00EDA619 /* Question.swift in Sources */ = {isa = PBXBuildFile; fileRef = C081D49A248AC0BC00EDA619 /* Question.swift */; };
		C08DC0AB248D773E002BC89C /* AppSettings.swift in Sources */ = {isa = PBXBuildFile; fileRef = C08DC0AA248D773E002BC89C /* AppSettings.swift */; };
		C08DC0AD248D7D25002BC89C /* AppSettingsViewController.swift in Sources */ = {isa = PBXBuildFile; fileRef = C08DC0AC248D7D25002BC89C /* AppSettingsViewController.swift */; };
		C0BAAFBE248B155C00CD8F6D /* SelectQuestionGroupViewController.swift in Sources */ = {isa = PBXBuildFile; fileRef = C0BAAFBD248B155C00CD8F6D /* SelectQuestionGroupViewController.swift */; };
		C0BAAFC0248B16DC00CD8F6D /* QuestionGroupCell.swift in Sources */ = {isa = PBXBuildFile; fileRef = C0BAAFBF248B16DC00CD8F6D /* QuestionGroupCell.swift */; };
		C0D12D38248F2C5E004D972B /* CreateQuestionGroupViewController.swift in Sources */ = {isa = PBXBuildFile; fileRef = C0D12D37248F2C5E004D972B /* CreateQuestionGroupViewController.swift */; };
		C0D12D3A248F2CB4004D972B /* NewQuestionGroup.storyboard in Resources */ = {isa = PBXBuildFile; fileRef = C0D12D39248F2CB4004D972B /* NewQuestionGroup.storyboard */; };
		C0D12D3C248F2CC8004D972B /* Main.storyboard in Resources */ = {isa = PBXBuildFile; fileRef = C0D12D3B248F2CC8004D972B /* Main.storyboard */; };
		C0D12D40248F2CE0004D972B /* CreateQuestionGroupTitleCell.swift in Sources */ = {isa = PBXBuildFile; fileRef = C0D12D3D248F2CE0004D972B /* CreateQuestionGroupTitleCell.swift */; };
		C0D12D41248F2CE0004D972B /* JapaneseTextField.swift in Sources */ = {isa = PBXBuildFile; fileRef = C0D12D3E248F2CE0004D972B /* JapaneseTextField.swift */; };
		C0D12D42248F2CE0004D972B /* CreateQuestionCell.swift in Sources */ = {isa = PBXBuildFile; fileRef = C0D12D3F248F2CE0004D972B /* CreateQuestionCell.swift */; };
		C0D12D45248F323A004D972B /* QuestionGroupBuilder.swift in Sources */ = {isa = PBXBuildFile; fileRef = C0D12D44248F323A004D972B /* QuestionGroupBuilder.swift */; };
		C0EA5523248B4BCE00FA6861 /* QuestionStrategy.swift in Sources */ = {isa = PBXBuildFile; fileRef = C0EA5522248B4BCE00FA6861 /* QuestionStrategy.swift */; };
		C0EA5525248B4E6500FA6861 /* SequentialQuestionStrategy.swift in Sources */ = {isa = PBXBuildFile; fileRef = C0EA5524248B4E6500FA6861 /* SequentialQuestionStrategy.swift */; };
		C0EA5527248B4FAB00FA6861 /* RandomQuestionStrategy.swift in Sources */ = {isa = PBXBuildFile; fileRef = C0EA5526248B4FAB00FA6861 /* RandomQuestionStrategy.swift */; };
/* End PBXBuildFile section */

/* Begin PBXFileReference section */
		C031A9DA248AF70700796991 /* LaunchScreen.storyboard */ = {isa = PBXFileReference; fileEncoding = 4; lastKnownFileType = file.storyboard; path = LaunchScreen.storyboard; sourceTree = "<group>"; };
		C031A9DC248AF76600796991 /* QuestionView.swift */ = {isa = PBXFileReference; lastKnownFileType = sourcecode.swift; path = QuestionView.swift; sourceTree = "<group>"; };
		C0528430248D9B7C00C46EE9 /* DiskCaretaker.swift */ = {isa = PBXFileReference; lastKnownFileType = sourcecode.swift; path = DiskCaretaker.swift; sourceTree = "<group>"; };
		C0528432248DA1C700C46EE9 /* QuestionGroupCaretaker.swift */ = {isa = PBXFileReference; lastKnownFileType = sourcecode.swift; path = QuestionGroupCaretaker.swift; sourceTree = "<group>"; };
		C0528434248DA4EC00C46EE9 /* QuestionGroupData.json */ = {isa = PBXFileReference; fileEncoding = 4; lastKnownFileType = text.json; path = QuestionGroupData.json; sourceTree = "<group>"; };
		C0528436248DA67E00C46EE9 /* QuestionGroup.swift */ = {isa = PBXFileReference; fileEncoding = 4; lastKnownFileType = sourcecode.swift; path = QuestionGroup.swift; sourceTree = "<group>"; };
		C0528438248DA77300C46EE9 /* BaseQuestionStrategy.swift */ = {isa = PBXFileReference; lastKnownFileType = sourcecode.swift; path = BaseQuestionStrategy.swift; sourceTree = "<group>"; };
		C081D47E248ABE5400EDA619 /* RableWabble.app */ = {isa = PBXFileReference; explicitFileType = wrapper.application; includeInIndex = 0; path = RableWabble.app; sourceTree = BUILT_PRODUCTS_DIR; };
		C081D481248ABE5400EDA619 /* AppDelegate.swift */ = {isa = PBXFileReference; lastKnownFileType = sourcecode.swift; path = AppDelegate.swift; sourceTree = "<group>"; };
		C081D483248ABE5400EDA619 /* SceneDelegate.swift */ = {isa = PBXFileReference; lastKnownFileType = sourcecode.swift; path = SceneDelegate.swift; sourceTree = "<group>"; };
		C081D485248ABE5400EDA619 /* QuestionViewController.swift */ = {isa = PBXFileReference; lastKnownFileType = sourcecode.swift; path = QuestionViewController.swift; sourceTree = "<group>"; };
		C081D48A248ABE5500EDA619 /* Assets.xcassets */ = {isa = PBXFileReference; lastKnownFileType = folder.assetcatalog; path = Assets.xcassets; sourceTree = "<group>"; };
		C081D48F248ABE5500EDA619 /* Info.plist */ = {isa = PBXFileReference; lastKnownFileType = text.plist.xml; path = Info.plist; sourceTree = "<group>"; };
		C081D49A248AC0BC00EDA619 /* Question.swift */ = {isa = PBXFileReference; lastKnownFileType = sourcecode.swift; path = Question.swift; sourceTree = "<group>"; };
		C08DC0AA248D773E002BC89C /* AppSettings.swift */ = {isa = PBXFileReference; lastKnownFileType = sourcecode.swift; path = AppSettings.swift; sourceTree = "<group>"; };
		C08DC0AC248D7D25002BC89C /* AppSettingsViewController.swift */ = {isa = PBXFileReference; lastKnownFileType = sourcecode.swift; path = AppSettingsViewController.swift; sourceTree = "<group>"; };
		C0BAAFBD248B155C00CD8F6D /* SelectQuestionGroupViewController.swift */ = {isa = PBXFileReference; lastKnownFileType = sourcecode.swift; path = SelectQuestionGroupViewController.swift; sourceTree = "<group>"; };
		C0BAAFBF248B16DC00CD8F6D /* QuestionGroupCell.swift */ = {isa = PBXFileReference; lastKnownFileType = sourcecode.swift; path = QuestionGroupCell.swift; sourceTree = "<group>"; };
		C0D12D37248F2C5E004D972B /* CreateQuestionGroupViewController.swift */ = {isa = PBXFileReference; fileEncoding = 4; lastKnownFileType = sourcecode.swift; path = CreateQuestionGroupViewController.swift; sourceTree = "<group>"; };
		C0D12D39248F2CB4004D972B /* NewQuestionGroup.storyboard */ = {isa = PBXFileReference; fileEncoding = 4; lastKnownFileType = file.storyboard; path = NewQuestionGroup.storyboard; sourceTree = "<group>"; };
		C0D12D3B248F2CC8004D972B /* Main.storyboard */ = {isa = PBXFileReference; fileEncoding = 4; lastKnownFileType = file.storyboard; path = Main.storyboard; sourceTree = "<group>"; };
		C0D12D3D248F2CE0004D972B /* CreateQuestionGroupTitleCell.swift */ = {isa = PBXFileReference; fileEncoding = 4; lastKnownFileType = sourcecode.swift; path = CreateQuestionGroupTitleCell.swift; sourceTree = "<group>"; };
		C0D12D3E248F2CE0004D972B /* JapaneseTextField.swift */ = {isa = PBXFileReference; fileEncoding = 4; lastKnownFileType = sourcecode.swift; path = JapaneseTextField.swift; sourceTree = "<group>"; };
		C0D12D3F248F2CE0004D972B /* CreateQuestionCell.swift */ = {isa = PBXFileReference; fileEncoding = 4; lastKnownFileType = sourcecode.swift; path = CreateQuestionCell.swift; sourceTree = "<group>"; };
		C0D12D44248F323A004D972B /* QuestionGroupBuilder.swift */ = {isa = PBXFileReference; lastKnownFileType = sourcecode.swift; path = QuestionGroupBuilder.swift; sourceTree = "<group>"; };
		C0EA5522248B4BCE00FA6861 /* QuestionStrategy.swift */ = {isa = PBXFileReference; lastKnownFileType = sourcecode.swift; path = QuestionStrategy.swift; sourceTree = "<group>"; };
		C0EA5524248B4E6500FA6861 /* SequentialQuestionStrategy.swift */ = {isa = PBXFileReference; lastKnownFileType = sourcecode.swift; path = SequentialQuestionStrategy.swift; sourceTree = "<group>"; };
		C0EA5526248B4FAB00FA6861 /* RandomQuestionStrategy.swift */ = {isa = PBXFileReference; lastKnownFileType = sourcecode.swift; path = RandomQuestionStrategy.swift; sourceTree = "<group>"; };
/* End PBXFileReference section */

/* Begin PBXFrameworksBuildPhase section */
		C081D47B248ABE5400EDA619 /* Frameworks */ = {
			isa = PBXFrameworksBuildPhase;
			buildActionMask = 2147483647;
			files = (
			);
			runOnlyForDeploymentPostprocessing = 0;
		};
/* End PBXFrameworksBuildPhase section */

/* Begin PBXGroup section */
		C052842F248D9B5A00C46EE9 /* Caretakers */ = {
			isa = PBXGroup;
			children = (
				C0528430248D9B7C00C46EE9 /* DiskCaretaker.swift */,
				C0528432248DA1C700C46EE9 /* QuestionGroupCaretaker.swift */,
			);
			path = Caretakers;
			sourceTree = "<group>";
		};
		C081D475248ABE5400EDA619 = {
			isa = PBXGroup;
			children = (
				C081D480248ABE5400EDA619 /* RableWabble */,
				C081D47F248ABE5400EDA619 /* Products */,
			);
			sourceTree = "<group>";
		};
		C081D47F248ABE5400EDA619 /* Products */ = {
			isa = PBXGroup;
			children = (
				C081D47E248ABE5400EDA619 /* RableWabble.app */,
			);
			name = Products;
			sourceTree = "<group>";
		};
		C081D480248ABE5400EDA619 /* RableWabble */ = {
			isa = PBXGroup;
			children = (
				C081D495248ABF5F00EDA619 /* AppDelegate */,
				C0D12D43248F31D9004D972B /* Builders */,
				C052842F248D9B5A00C46EE9 /* Caretakers */,
				C081D496248ABF7200EDA619 /* Controllers */,
				C081D497248ABF7A00EDA619 /* Models */,
				C081D498248ABF8800EDA619 /* Resources */,
				C0EA5521248B4B9400FA6861 /* Strategies */,
				C081D499248ABF9400EDA619 /* Views */,
			);
			path = RableWabble;
			sourceTree = "<group>";
		};
		C081D495248ABF5F00EDA619 /* AppDelegate */ = {
			isa = PBXGroup;
			children = (
				C081D481248ABE5400EDA619 /* AppDelegate.swift */,
				C081D483248ABE5400EDA619 /* SceneDelegate.swift */,
			);
			path = AppDelegate;
			sourceTree = "<group>";
		};
		C081D496248ABF7200EDA619 /* Controllers */ = {
			isa = PBXGroup;
			children = (
				C0D12D37248F2C5E004D972B /* CreateQuestionGroupViewController.swift */,
				C081D485248ABE5400EDA619 /* QuestionViewController.swift */,
				C0BAAFBD248B155C00CD8F6D /* SelectQuestionGroupViewController.swift */,
				C08DC0AC248D7D25002BC89C /* AppSettingsViewController.swift */,
			);
			path = Controllers;
			sourceTree = "<group>";
		};
		C081D497248ABF7A00EDA619 /* Models */ = {
			isa = PBXGroup;
			children = (
				C0528436248DA67E00C46EE9 /* QuestionGroup.swift */,
				C081D49A248AC0BC00EDA619 /* Question.swift */,
				C08DC0AA248D773E002BC89C /* AppSettings.swift */,
			);
			path = Models;
			sourceTree = "<group>";
		};
		C081D498248ABF8800EDA619 /* Resources */ = {
			isa = PBXGroup;
			children = (
				C081D48F248ABE5500EDA619 /* Info.plist */,
				C081D48A248ABE5500EDA619 /* Assets.xcassets */,
				C0528434248DA4EC00C46EE9 /* QuestionGroupData.json */,
			);
			path = Resources;
			sourceTree = "<group>";
		};
		C081D499248ABF9400EDA619 /* Views */ = {
			isa = PBXGroup;
			children = (
				C0D12D3F248F2CE0004D972B /* CreateQuestionCell.swift */,
				C0D12D3D248F2CE0004D972B /* CreateQuestionGroupTitleCell.swift */,
				C0D12D3E248F2CE0004D972B /* JapaneseTextField.swift */,
				C0D12D3B248F2CC8004D972B /* Main.storyboard */,
				C0D12D39248F2CB4004D972B /* NewQuestionGroup.storyboard */,
				C031A9DA248AF70700796991 /* LaunchScreen.storyboard */,
				C031A9DC248AF76600796991 /* QuestionView.swift */,
				C0BAAFBF248B16DC00CD8F6D /* QuestionGroupCell.swift */,
			);
			path = Views;
			sourceTree = "<group>";
		};
		C0D12D43248F31D9004D972B /* Builders */ = {
			isa = PBXGroup;
			children = (
				C0D12D44248F323A004D972B /* QuestionGroupBuilder.swift */,
			);
			path = Builders;
			sourceTree = "<group>";
		};
		C0EA5521248B4B9400FA6861 /* Strategies */ = {
			isa = PBXGroup;
			children = (
				C0EA5522248B4BCE00FA6861 /* QuestionStrategy.swift */,
				C0EA5524248B4E6500FA6861 /* SequentialQuestionStrategy.swift */,
				C0EA5526248B4FAB00FA6861 /* RandomQuestionStrategy.swift */,
				C0528438248DA77300C46EE9 /* BaseQuestionStrategy.swift */,
			);
			path = Strategies;
			sourceTree = "<group>";
		};
/* End PBXGroup section */

/* Begin PBXNativeTarget section */
		C081D47D248ABE5400EDA619 /* RableWabble */ = {
			isa = PBXNativeTarget;
			buildConfigurationList = C081D492248ABE5500EDA619 /* Build configuration list for PBXNativeTarget "RableWabble" */;
			buildPhases = (
				C081D47A248ABE5400EDA619 /* Sources */,
				C081D47B248ABE5400EDA619 /* Frameworks */,
				C081D47C248ABE5400EDA619 /* Resources */,
			);
			buildRules = (
			);
			dependencies = (
			);
			name = RableWabble;
			productName = RableWabble;
			productReference = C081D47E248ABE5400EDA619 /* RableWabble.app */;
			productType = "com.apple.product-type.application";
		};
/* End PBXNativeTarget section */

/* Begin PBXProject section */
		C081D476248ABE5400EDA619 /* Project object */ = {
			isa = PBXProject;
			attributes = {
				LastSwiftUpdateCheck = 1150;
				LastUpgradeCheck = 1150;
				ORGANIZATIONNAME = "George Solorio";
				TargetAttributes = {
					C081D47D248ABE5400EDA619 = {
						CreatedOnToolsVersion = 11.5;
					};
				};
			};
			buildConfigurationList = C081D479248ABE5400EDA619 /* Build configuration list for PBXProject "RableWabble" */;
			compatibilityVersion = "Xcode 9.3";
			developmentRegion = en;
			hasScannedForEncodings = 0;
			knownRegions = (
				en,
				Base,
			);
			mainGroup = C081D475248ABE5400EDA619;
			productRefGroup = C081D47F248ABE5400EDA619 /* Products */;
			projectDirPath = "";
			projectRoot = "";
			targets = (
				C081D47D248ABE5400EDA619 /* RableWabble */,
			);
		};
/* End PBXProject section */

/* Begin PBXResourcesBuildPhase section */
		C081D47C248ABE5400EDA619 /* Resources */ = {
			isa = PBXResourcesBuildPhase;
			buildActionMask = 2147483647;
			files = (
				C031A9DB248AF70700796991 /* LaunchScreen.storyboard in Resources */,
				C0D12D3C248F2CC8004D972B /* Main.storyboard in Resources */,
				C0D12D3A248F2CB4004D972B /* NewQuestionGroup.storyboard in Resources */,
				C0528435248DA4EC00C46EE9 /* QuestionGroupData.json in Resources */,
				C081D48B248ABE5500EDA619 /* Assets.xcassets in Resources */,
			);
			runOnlyForDeploymentPostprocessing = 0;
		};
/* End PBXResourcesBuildPhase section */

/* Begin PBXSourcesBuildPhase section */
		C081D47A248ABE5400EDA619 /* Sources */ = {
			isa = PBXSourcesBuildPhase;
			buildActionMask = 2147483647;
			files = (
				C08DC0AB248D773E002BC89C /* AppSettings.swift in Sources */,
				C081D486248ABE5400EDA619 /* QuestionViewController.swift in Sources */,
				C0D12D41248F2CE0004D972B /* JapaneseTextField.swift in Sources */,
				C081D49B248AC0BC00EDA619 /* Question.swift in Sources */,
				C0528437248DA67E00C46EE9 /* QuestionGroup.swift in Sources */,
				C081D482248ABE5400EDA619 /* AppDelegate.swift in Sources */,
				C031A9DD248AF76600796991 /* QuestionView.swift in Sources */,
				C0D12D45248F323A004D972B /* QuestionGroupBuilder.swift in Sources */,
				C0D12D42248F2CE0004D972B /* CreateQuestionCell.swift in Sources */,
				C0BAAFC0248B16DC00CD8F6D /* QuestionGroupCell.swift in Sources */,
				C0EA5525248B4E6500FA6861 /* SequentialQuestionStrategy.swift in Sources */,
				C0EA5527248B4FAB00FA6861 /* RandomQuestionStrategy.swift in Sources */,
				C0EA5523248B4BCE00FA6861 /* QuestionStrategy.swift in Sources */,
				C08DC0AD248D7D25002BC89C /* AppSettingsViewController.swift in Sources */,
				C0D12D38248F2C5E004D972B /* CreateQuestionGroupViewController.swift in Sources */,
				C0528439248DA77300C46EE9 /* BaseQuestionStrategy.swift in Sources */,
				C0BAAFBE248B155C00CD8F6D /* SelectQuestionGroupViewController.swift in Sources */,
				C0528431248D9B7C00C46EE9 /* DiskCaretaker.swift in Sources */,
				C0528433248DA1C700C46EE9 /* QuestionGroupCaretaker.swift in Sources */,
				C0D12D40248F2CE0004D972B /* CreateQuestionGroupTitleCell.swift in Sources */,
				C081D484248ABE5400EDA619 /* SceneDelegate.swift in Sources */,
			);
			runOnlyForDeploymentPostprocessing = 0;
		};
/* End PBXSourcesBuildPhase section */

/* Begin XCBuildConfiguration section */
		C081D490248ABE5500EDA619 /* Debug */ = {
			isa = XCBuildConfiguration;
			buildSettings = {
				ALWAYS_SEARCH_USER_PATHS = NO;
				CLANG_ANALYZER_NONNULL = YES;
				CLANG_ANALYZER_NUMBER_OBJECT_CONVERSION = YES_AGGRESSIVE;
				CLANG_CXX_LANGUAGE_STANDARD = "gnu++14";
				CLANG_CXX_LIBRARY = "libc++";
				CLANG_ENABLE_MODULES = YES;
				CLANG_ENABLE_OBJC_ARC = YES;
				CLANG_ENABLE_OBJC_WEAK = YES;
				CLANG_WARN_BLOCK_CAPTURE_AUTORELEASING = YES;
				CLANG_WARN_BOOL_CONVERSION = YES;
				CLANG_WARN_COMMA = YES;
				CLANG_WARN_CONSTANT_CONVERSION = YES;
				CLANG_WARN_DEPRECATED_OBJC_IMPLEMENTATIONS = YES;
				CLANG_WARN_DIRECT_OBJC_ISA_USAGE = YES_ERROR;
				CLANG_WARN_DOCUMENTATION_COMMENTS = YES;
				CLANG_WARN_EMPTY_BODY = YES;
				CLANG_WARN_ENUM_CONVERSION = YES;
				CLANG_WARN_INFINITE_RECURSION = YES;
				CLANG_WARN_INT_CONVERSION = YES;
				CLANG_WARN_NON_LITERAL_NULL_CONVERSION = YES;
				CLANG_WARN_OBJC_IMPLICIT_RETAIN_SELF = YES;
				CLANG_WARN_OBJC_LITERAL_CONVERSION = YES;
				CLANG_WARN_OBJC_ROOT_CLASS = YES_ERROR;
				CLANG_WARN_RANGE_LOOP_ANALYSIS = YES;
				CLANG_WARN_STRICT_PROTOTYPES = YES;
				CLANG_WARN_SUSPICIOUS_MOVE = YES;
				CLANG_WARN_UNGUARDED_AVAILABILITY = YES_AGGRESSIVE;
				CLANG_WARN_UNREACHABLE_CODE = YES;
				CLANG_WARN__DUPLICATE_METHOD_MATCH = YES;
				COPY_PHASE_STRIP = NO;
				DEBUG_INFORMATION_FORMAT = dwarf;
				ENABLE_STRICT_OBJC_MSGSEND = YES;
				ENABLE_TESTABILITY = YES;
				GCC_C_LANGUAGE_STANDARD = gnu11;
				GCC_DYNAMIC_NO_PIC = NO;
				GCC_NO_COMMON_BLOCKS = YES;
				GCC_OPTIMIZATION_LEVEL = 0;
				GCC_PREPROCESSOR_DEFINITIONS = (
					"DEBUG=1",
					"$(inherited)",
				);
				GCC_WARN_64_TO_32_BIT_CONVERSION = YES;
				GCC_WARN_ABOUT_RETURN_TYPE = YES_ERROR;
				GCC_WARN_UNDECLARED_SELECTOR = YES;
				GCC_WARN_UNINITIALIZED_AUTOS = YES_AGGRESSIVE;
				GCC_WARN_UNUSED_FUNCTION = YES;
				GCC_WARN_UNUSED_VARIABLE = YES;
				IPHONEOS_DEPLOYMENT_TARGET = 13.5;
				MTL_ENABLE_DEBUG_INFO = INCLUDE_SOURCE;
				MTL_FAST_MATH = YES;
				ONLY_ACTIVE_ARCH = YES;
				SDKROOT = iphoneos;
				SWIFT_ACTIVE_COMPILATION_CONDITIONS = DEBUG;
				SWIFT_OPTIMIZATION_LEVEL = "-Onone";
			};
			name = Debug;
		};
		C081D491248ABE5500EDA619 /* Release */ = {
			isa = XCBuildConfiguration;
			buildSettings = {
				ALWAYS_SEARCH_USER_PATHS = NO;
				CLANG_ANALYZER_NONNULL = YES;
				CLANG_ANALYZER_NUMBER_OBJECT_CONVERSION = YES_AGGRESSIVE;
				CLANG_CXX_LANGUAGE_STANDARD = "gnu++14";
				CLANG_CXX_LIBRARY = "libc++";
				CLANG_ENABLE_MODULES = YES;
				CLANG_ENABLE_OBJC_ARC = YES;
				CLANG_ENABLE_OBJC_WEAK = YES;
				CLANG_WARN_BLOCK_CAPTURE_AUTORELEASING = YES;
				CLANG_WARN_BOOL_CONVERSION = YES;
				CLANG_WARN_COMMA = YES;
				CLANG_WARN_CONSTANT_CONVERSION = YES;
				CLANG_WARN_DEPRECATED_OBJC_IMPLEMENTATIONS = YES;
				CLANG_WARN_DIRECT_OBJC_ISA_USAGE = YES_ERROR;
				CLANG_WARN_DOCUMENTATION_COMMENTS = YES;
				CLANG_WARN_EMPTY_BODY = YES;
				CLANG_WARN_ENUM_CONVERSION = YES;
				CLANG_WARN_INFINITE_RECURSION = YES;
				CLANG_WARN_INT_CONVERSION = YES;
				CLANG_WARN_NON_LITERAL_NULL_CONVERSION = YES;
				CLANG_WARN_OBJC_IMPLICIT_RETAIN_SELF = YES;
				CLANG_WARN_OBJC_LITERAL_CONVERSION = YES;
				CLANG_WARN_OBJC_ROOT_CLASS = YES_ERROR;
				CLANG_WARN_RANGE_LOOP_ANALYSIS = YES;
				CLANG_WARN_STRICT_PROTOTYPES = YES;
				CLANG_WARN_SUSPICIOUS_MOVE = YES;
				CLANG_WARN_UNGUARDED_AVAILABILITY = YES_AGGRESSIVE;
				CLANG_WARN_UNREACHABLE_CODE = YES;
				CLANG_WARN__DUPLICATE_METHOD_MATCH = YES;
				COPY_PHASE_STRIP = NO;
				DEBUG_INFORMATION_FORMAT = "dwarf-with-dsym";
				ENABLE_NS_ASSERTIONS = NO;
				ENABLE_STRICT_OBJC_MSGSEND = YES;
				GCC_C_LANGUAGE_STANDARD = gnu11;
				GCC_NO_COMMON_BLOCKS = YES;
				GCC_WARN_64_TO_32_BIT_CONVERSION = YES;
				GCC_WARN_ABOUT_RETURN_TYPE = YES_ERROR;
				GCC_WARN_UNDECLARED_SELECTOR = YES;
				GCC_WARN_UNINITIALIZED_AUTOS = YES_AGGRESSIVE;
				GCC_WARN_UNUSED_FUNCTION = YES;
				GCC_WARN_UNUSED_VARIABLE = YES;
				IPHONEOS_DEPLOYMENT_TARGET = 13.5;
				MTL_ENABLE_DEBUG_INFO = NO;
				MTL_FAST_MATH = YES;
				SDKROOT = iphoneos;
				SWIFT_COMPILATION_MODE = wholemodule;
				SWIFT_OPTIMIZATION_LEVEL = "-O";
				VALIDATE_PRODUCT = YES;
			};
			name = Release;
		};
		C081D493248ABE5500EDA619 /* Debug */ = {
			isa = XCBuildConfiguration;
			buildSettings = {
				ASSETCATALOG_COMPILER_APPICON_NAME = AppIcon;
				CODE_SIGN_STYLE = Automatic;
				DEVELOPMENT_TEAM = 2XZ3RGN8AK;
				INFOPLIST_FILE = RableWabble/Resources/Info.plist;
				LD_RUNPATH_SEARCH_PATHS = (
					"$(inherited)",
					"@executable_path/Frameworks",
				);
				PRODUCT_BUNDLE_IDENTIFIER = com.GeorgeSolorio.RableWabble;
				PRODUCT_NAME = "$(TARGET_NAME)";
				SWIFT_VERSION = 5.0;
				TARGETED_DEVICE_FAMILY = "1,2";
			};
			name = Debug;
		};
		C081D494248ABE5500EDA619 /* Release */ = {
			isa = XCBuildConfiguration;
			buildSettings = {
				ASSETCATALOG_COMPILER_APPICON_NAME = AppIcon;
				CODE_SIGN_STYLE = Automatic;
				DEVELOPMENT_TEAM = 2XZ3RGN8AK;
				INFOPLIST_FILE = RableWabble/Resources/Info.plist;
				LD_RUNPATH_SEARCH_PATHS = (
					"$(inherited)",
					"@executable_path/Frameworks",
				);
				PRODUCT_BUNDLE_IDENTIFIER = com.GeorgeSolorio.RableWabble;
				PRODUCT_NAME = "$(TARGET_NAME)";
				SWIFT_VERSION = 5.0;
				TARGETED_DEVICE_FAMILY = "1,2";
			};
			name = Release;
		};
/* End XCBuildConfiguration section */

/* Begin XCConfigurationList section */
		C081D479248ABE5400EDA619 /* Build configuration list for PBXProject "RableWabble" */ = {
			isa = XCConfigurationList;
			buildConfigurations = (
				C081D490248ABE5500EDA619 /* Debug */,
				C081D491248ABE5500EDA619 /* Release */,
			);
			defaultConfigurationIsVisible = 0;
			defaultConfigurationName = Release;
		};
		C081D492248ABE5500EDA619 /* Build configuration list for PBXNativeTarget "RableWabble" */ = {
			isa = XCConfigurationList;
			buildConfigurations = (
				C081D493248ABE5500EDA619 /* Debug */,
				C081D494248ABE5500EDA619 /* Release */,
			);
			defaultConfigurationIsVisible = 0;
			defaultConfigurationName = Release;
		};
/* End XCConfigurationList section */
	};
	rootObject = C081D476248ABE5400EDA619 /* Project object */;
}
